
Microsoft Visual Studio Solution File, Format Version 12.00
# Visual Studio Version 16
VisualStudioVersion = 16.0.33927.289
MinimumVisualStudioVersion = 10.0.40219.1
Project("{FAE04EC0-301F-11D3-BF4B-00C04F79EFBC}") = "Assignment1", "Assignment1\Assignment1.csproj", "{FEDA4A9E-69DD-4FAC-B6C6-14B2DA0A5DBF}"
EndProject
Global
	GlobalSection(SolutionConfigurationPlatforms) = preSolution
		Debug|Any CPU = Debug|Any CPU
		Release|Any CPU = Release|Any CPU
	EndGlobalSection
	GlobalSection(ProjectConfigurationPlatforms) = postSolution
		{FEDA4A9E-69DD-4FAC-B6C6-14B2DA0A5DBF}.Debug|Any CPU.ActiveCfg = Debug|Any CPU
		{FEDA4A9E-69DD-4FAC-B6C6-14B2DA0A5DBF}.Debug|Any CPU.Build.0 = Debug|Any CPU
		{FEDA4A9E-69DD-4FAC-B6C6-14B2DA0A5DBF}.Release|Any CPU.ActiveCfg = Release|Any CPU
		{FEDA4A9E-69DD-4FAC-B6C6-14B2DA0A5DBF}.Release|Any CPU.Build.0 = Release|Any CPU
	EndGlobalSection
	GlobalSection(SolutionProperties) = preSolution
		HideSolutionNode = FALSE
	EndGlobalSection
	GlobalSection(ExtensibilityGlobals) = postSolution
		SolutionGuid = {33C65BAE-2FAA-4599-9681-376DE08F85AC}
	EndGlobalSection
EndGlobal
