
Microsoft Visual Studio Solution File, Format Version 12.00
# Visual Studio Version 16
VisualStudioVersion = 16.0.33927.289
MinimumVisualStudioVersion = 10.0.40219.1
Project("{FAE04EC0-301F-11D3-BF4B-00C04F79EFBC}") = "CaseStudy3And4", "CaseStudy3And4\CaseStudy3And4.csproj", "{CB646CC9-5994-4E8B-BE18-1D3F36BE0891}"
EndProject
Global
	GlobalSection(SolutionConfigurationPlatforms) = preSolution
		Debug|Any CPU = Debug|Any CPU
		Release|Any CPU = Release|Any CPU
	EndGlobalSection
	GlobalSection(ProjectConfigurationPlatforms) = postSolution
		{CB646CC9-5994-4E8B-BE18-1D3F36BE0891}.Debug|Any CPU.ActiveCfg = Debug|Any CPU
		{CB646CC9-5994-4E8B-BE18-1D3F36BE0891}.Debug|Any CPU.Build.0 = Debug|Any CPU
		{CB646CC9-5994-4E8B-BE18-1D3F36BE0891}.Release|Any CPU.ActiveCfg = Release|Any CPU
		{CB646CC9-5994-4E8B-BE18-1D3F36BE0891}.Release|Any CPU.Build.0 = Release|Any CPU
	EndGlobalSection
	GlobalSection(SolutionProperties) = preSolution
		HideSolutionNode = FALSE
	EndGlobalSection
	GlobalSection(ExtensibilityGlobals) = postSolution
		SolutionGuid = {BDC549C5-1E54-464D-BA1D-65707B1384E8}
	EndGlobalSection
EndGlobal
