
Microsoft Visual Studio Solution File, Format Version 12.00
# Visual Studio Version 16
VisualStudioVersion = 16.0.33927.289
MinimumVisualStudioVersion = 10.0.40219.1
Project("{FAE04EC0-301F-11D3-BF4B-00C04F79EFBC}") = "Pr1032023", "Pr1032023\Pr1032023.csproj", "{736F580D-6AF0-43B9-B19A-ED460221471E}"
EndProject
Global
	GlobalSection(SolutionConfigurationPlatforms) = preSolution
		Debug|Any CPU = Debug|Any CPU
		Release|Any CPU = Release|Any CPU
	EndGlobalSection
	GlobalSection(ProjectConfigurationPlatforms) = postSolution
		{736F580D-6AF0-43B9-B19A-ED460221471E}.Debug|Any CPU.ActiveCfg = Debug|Any CPU
		{736F580D-6AF0-43B9-B19A-ED460221471E}.Debug|Any CPU.Build.0 = Debug|Any CPU
		{736F580D-6AF0-43B9-B19A-ED460221471E}.Release|Any CPU.ActiveCfg = Release|Any CPU
		{736F580D-6AF0-43B9-B19A-ED460221471E}.Release|Any CPU.Build.0 = Release|Any CPU
	EndGlobalSection
	GlobalSection(SolutionProperties) = preSolution
		HideSolutionNode = FALSE
	EndGlobalSection
	GlobalSection(ExtensibilityGlobals) = postSolution
		SolutionGuid = {25A6611A-AC20-4E76-9045-A4AF982D5AB2}
	EndGlobalSection
EndGlobal
