
Microsoft Visual Studio Solution File, Format Version 12.00
# Visual Studio Version 16
VisualStudioVersion = 16.0.33927.289
MinimumVisualStudioVersion = 10.0.40219.1
Project("{FAE04EC0-301F-11D3-BF4B-00C04F79EFBC}") = "Assessment1", "Assessment1\Assessment1.csproj", "{8D1D3621-3E67-4948-A11C-9DF2CF945104}"
EndProject
Global
	GlobalSection(SolutionConfigurationPlatforms) = preSolution
		Debug|Any CPU = Debug|Any CPU
		Release|Any CPU = Release|Any CPU
	EndGlobalSection
	GlobalSection(ProjectConfigurationPlatforms) = postSolution
		{8D1D3621-3E67-4948-A11C-9DF2CF945104}.Debug|Any CPU.ActiveCfg = Debug|Any CPU
		{8D1D3621-3E67-4948-A11C-9DF2CF945104}.Debug|Any CPU.Build.0 = Debug|Any CPU
		{8D1D3621-3E67-4948-A11C-9DF2CF945104}.Release|Any CPU.ActiveCfg = Release|Any CPU
		{8D1D3621-3E67-4948-A11C-9DF2CF945104}.Release|Any CPU.Build.0 = Release|Any CPU
	EndGlobalSection
	GlobalSection(SolutionProperties) = preSolution
		HideSolutionNode = FALSE
	EndGlobalSection
	GlobalSection(ExtensibilityGlobals) = postSolution
		SolutionGuid = {A594E0BC-601B-4EE1-86B2-399AE4942497}
	EndGlobalSection
EndGlobal
