
Microsoft Visual Studio Solution File, Format Version 12.00
# Visual Studio Version 16
VisualStudioVersion = 16.0.33927.289
MinimumVisualStudioVersion = 10.0.40219.1
Project("{FAE04EC0-301F-11D3-BF4B-00C04F79EFBC}") = "ConcessionTest", "ConcessionTest\ConcessionTest.csproj", "{B8205F1A-E9FE-44B7-9AF8-DCF605B39C40}"
EndProject
Global
	GlobalSection(SolutionConfigurationPlatforms) = preSolution
		Debug|Any CPU = Debug|Any CPU
		Release|Any CPU = Release|Any CPU
	EndGlobalSection
	GlobalSection(ProjectConfigurationPlatforms) = postSolution
		{B8205F1A-E9FE-44B7-9AF8-DCF605B39C40}.Debug|Any CPU.ActiveCfg = Debug|Any CPU
		{B8205F1A-E9FE-44B7-9AF8-DCF605B39C40}.Debug|Any CPU.Build.0 = Debug|Any CPU
		{B8205F1A-E9FE-44B7-9AF8-DCF605B39C40}.Release|Any CPU.ActiveCfg = Release|Any CPU
		{B8205F1A-E9FE-44B7-9AF8-DCF605B39C40}.Release|Any CPU.Build.0 = Release|Any CPU
	EndGlobalSection
	GlobalSection(SolutionProperties) = preSolution
		HideSolutionNode = FALSE
	EndGlobalSection
	GlobalSection(ExtensibilityGlobals) = postSolution
		SolutionGuid = {485EB7B9-09EC-4152-AE6E-817400E170BB}
	EndGlobalSection
EndGlobal
