
Microsoft Visual Studio Solution File, Format Version 12.00
# Visual Studio Version 16
VisualStudioVersion = 16.0.33927.289
MinimumVisualStudioVersion = 10.0.40219.1
Project("{FAE04EC0-301F-11D3-BF4B-00C04F79EFBC}") = "Asssessment2", "Asssessment2\Asssessment2.csproj", "{2D01EC25-F9A0-4FC6-8BC8-1B56278F95AC}"
EndProject
Global
	GlobalSection(SolutionConfigurationPlatforms) = preSolution
		Debug|Any CPU = Debug|Any CPU
		Release|Any CPU = Release|Any CPU
	EndGlobalSection
	GlobalSection(ProjectConfigurationPlatforms) = postSolution
		{2D01EC25-F9A0-4FC6-8BC8-1B56278F95AC}.Debug|Any CPU.ActiveCfg = Debug|Any CPU
		{2D01EC25-F9A0-4FC6-8BC8-1B56278F95AC}.Debug|Any CPU.Build.0 = Debug|Any CPU
		{2D01EC25-F9A0-4FC6-8BC8-1B56278F95AC}.Release|Any CPU.ActiveCfg = Release|Any CPU
		{2D01EC25-F9A0-4FC6-8BC8-1B56278F95AC}.Release|Any CPU.Build.0 = Release|Any CPU
	EndGlobalSection
	GlobalSection(SolutionProperties) = preSolution
		HideSolutionNode = FALSE
	EndGlobalSection
	GlobalSection(ExtensibilityGlobals) = postSolution
		SolutionGuid = {4B72179F-C1FB-4CEB-9CE3-45E1C06BBA1D}
	EndGlobalSection
EndGlobal
