
Microsoft Visual Studio Solution File, Format Version 12.00
# Visual Studio Version 16
VisualStudioVersion = 16.0.33927.289
MinimumVisualStudioVersion = 10.0.40219.1
Project("{FAE04EC0-301F-11D3-BF4B-00C04F79EFBC}") = "CodeBasedTest2", "CodeBasedTest2\CodeBasedTest2.csproj", "{ED4DF189-AB6E-4E1B-9AD5-FCCE14C080E7}"
EndProject
Global
	GlobalSection(SolutionConfigurationPlatforms) = preSolution
		Debug|Any CPU = Debug|Any CPU
		Release|Any CPU = Release|Any CPU
	EndGlobalSection
	GlobalSection(ProjectConfigurationPlatforms) = postSolution
		{ED4DF189-AB6E-4E1B-9AD5-FCCE14C080E7}.Debug|Any CPU.ActiveCfg = Debug|Any CPU
		{ED4DF189-AB6E-4E1B-9AD5-FCCE14C080E7}.Debug|Any CPU.Build.0 = Debug|Any CPU
		{ED4DF189-AB6E-4E1B-9AD5-FCCE14C080E7}.Release|Any CPU.ActiveCfg = Release|Any CPU
		{ED4DF189-AB6E-4E1B-9AD5-FCCE14C080E7}.Release|Any CPU.Build.0 = Release|Any CPU
	EndGlobalSection
	GlobalSection(SolutionProperties) = preSolution
		HideSolutionNode = FALSE
	EndGlobalSection
	GlobalSection(ExtensibilityGlobals) = postSolution
		SolutionGuid = {BD3723AD-5E13-4DFA-B5CD-D1F3658F2394}
	EndGlobalSection
EndGlobal
